
Microsoft Visual Studio Solution File, Format Version 12.00
# Visual Studio Version 17
VisualStudioVersion = 17.7.34024.191
MinimumVisualStudioVersion = 10.0.40219.1
Project("{8BC9CEB8-8B4A-11D0-8D11-00A0C91BC942}") = "test", "test.vcxproj", "{F8F90756-9694-426B-8EEB-66D5EB688F9B}"
EndProject
Global
	GlobalSection(SolutionConfigurationPlatforms) = preSolution
		Debug|x64 = Debug|x64
		Debug|x86 = Debug|x86
		Release|x64 = Release|x64
		Release|x86 = Release|x86
	EndGlobalSection
	GlobalSection(ProjectConfigurationPlatforms) = postSolution
		{F8F90756-9694-426B-8EEB-66D5EB688F9B}.Debug|x64.ActiveCfg = Debug|x64
		{F8F90756-9694-426B-8EEB-66D5EB688F9B}.Debug|x64.Build.0 = Debug|x64
		{F8F90756-9694-426B-8EEB-66D5EB688F9B}.Debug|x86.ActiveCfg = Debug|Win32
		{F8F90756-9694-426B-8EEB-66D5EB688F9B}.Debug|x86.Build.0 = Debug|Win32
		{F8F90756-9694-426B-8EEB-66D5EB688F9B}.Release|x64.ActiveCfg = Release|x64
		{F8F90756-9694-426B-8EEB-66D5EB688F9B}.Release|x64.Build.0 = Release|x64
		{F8F90756-9694-426B-8EEB-66D5EB688F9B}.Release|x86.ActiveCfg = Release|Win32
		{F8F90756-9694-426B-8EEB-66D5EB688F9B}.Release|x86.Build.0 = Release|Win32
	EndGlobalSection
	GlobalSection(SolutionProperties) = preSolution
		HideSolutionNode = FALSE
	EndGlobalSection
	GlobalSection(ExtensibilityGlobals) = postSolution
		SolutionGuid = {84A873A1-9627-4A2F-B807-CADB50BFC787}
	EndGlobalSection
EndGlobal
